
Microsoft Visual Studio Solution File, Format Version 12.00
# Visual Studio 14
VisualStudioVersion = 14.0.25420.1
MinimumVisualStudioVersion = 10.0.40219.1
Project("{2150E333-8FDC-42A3-9474-1A3956D46DE8}") = "src", "src", "{EF449C8B-F707-4623-85B0-2C66DA54D754}"
EndProject
Project("{2150E333-8FDC-42A3-9474-1A3956D46DE8}") = "Solution Items", "Solution Items", "{5DEB717A-57D1-4E21-8700-E639A04E89DE}"
	ProjectSection(SolutionItems) = preProject
		global.json = global.json
		LICENSE.txt = LICENSE.txt
		README.md = README.md
	EndProjectSection
EndProject
Project("{8BB2217D-0F2D-49D1-97BC-3654ED321F3B}") = "VC.TagHelpers", "src\VC.TagHelpers\VC.TagHelpers.xproj", "{048286F1-A30D-4F9F-8B0E-52F85BB0DA57}"
EndProject
Project("{8BB2217D-0F2D-49D1-97BC-3654ED321F3B}") = "VC.TagHelpers.Sample", "src\VC.TagHelpers.Sample\VC.TagHelpers.Sample.xproj", "{4719D0BC-EDF5-47DF-8A4B-3921E94365D4}"
EndProject
Global
	GlobalSection(SolutionConfigurationPlatforms) = preSolution
		Debug|Any CPU = Debug|Any CPU
		Release|Any CPU = Release|Any CPU
	EndGlobalSection
	GlobalSection(ProjectConfigurationPlatforms) = postSolution
		{048286F1-A30D-4F9F-8B0E-52F85BB0DA57}.Debug|Any CPU.ActiveCfg = Debug|Any CPU
		{048286F1-A30D-4F9F-8B0E-52F85BB0DA57}.Debug|Any CPU.Build.0 = Debug|Any CPU
		{048286F1-A30D-4F9F-8B0E-52F85BB0DA57}.Release|Any CPU.ActiveCfg = Release|Any CPU
		{048286F1-A30D-4F9F-8B0E-52F85BB0DA57}.Release|Any CPU.Build.0 = Release|Any CPU
		{4719D0BC-EDF5-47DF-8A4B-3921E94365D4}.Debug|Any CPU.ActiveCfg = Debug|Any CPU
		{4719D0BC-EDF5-47DF-8A4B-3921E94365D4}.Debug|Any CPU.Build.0 = Debug|Any CPU
		{4719D0BC-EDF5-47DF-8A4B-3921E94365D4}.Release|Any CPU.ActiveCfg = Release|Any CPU
		{4719D0BC-EDF5-47DF-8A4B-3921E94365D4}.Release|Any CPU.Build.0 = Release|Any CPU
	EndGlobalSection
	GlobalSection(SolutionProperties) = preSolution
		HideSolutionNode = FALSE
	EndGlobalSection
	GlobalSection(NestedProjects) = preSolution
		{048286F1-A30D-4F9F-8B0E-52F85BB0DA57} = {EF449C8B-F707-4623-85B0-2C66DA54D754}
		{4719D0BC-EDF5-47DF-8A4B-3921E94365D4} = {EF449C8B-F707-4623-85B0-2C66DA54D754}
	EndGlobalSection
EndGlobal
